// !$*UTF8*$!
{
	archiveVersion = 1;
	classes = {
	};
	objectVersion = 46;
	objects = {

/* Begin PBXFileReference section */
		A302C1B11BCD1D15004344B5 /* grannys_pie_logo.png */ = {isa = PBXFileReference; lastKnownFileType = image.png; name = grannys_pie_logo.png; path = ../hw_1/grannys_pie_logo.png; sourceTree = "<group>"; };
		A302C1B21BCD1D15004344B5 /* index_background.png */ = {isa = PBXFileReference; lastKnownFileType = image.png; name = index_background.png; path = ../hw_1/index_background.png; sourceTree = "<group>"; };
		A302C1B31BCD1D15004344B5 /* index.css */ = {isa = PBXFileReference; lastKnownFileType = text.css; name = index.css; path = ../hw_1/index.css; sourceTree = "<group>"; };
		A302C1B41BCD1D15004344B5 /* index.html */ = {isa = PBXFileReference; lastKnownFileType = text.html; name = index.html; path = ../hw_1/index.html; sourceTree = "<group>"; };
		A302C1B51BCD1D15004344B5 /* pie.css */ = {isa = PBXFileReference; lastKnownFileType = text.css; name = pie.css; path = ../hw_1/pie.css; sourceTree = "<group>"; };
		A302C1B61BCD1D15004344B5 /* pie.html */ = {isa = PBXFileReference; lastKnownFileType = text.html; name = pie.html; path = ../hw_1/pie.html; sourceTree = "<group>"; };
		A302C1B71BCD1DA5004344B5 /* tmnt.html */ = {isa = PBXFileReference; lastKnownFileType = text.html; name = tmnt.html; path = ../hw_2/tmnt.html; sourceTree = "<group>"; };
		A302C1BA1BCD1F86004344B5 /* background.png */ = {isa = PBXFileReference; lastKnownFileType = image.png; name = background.png; path = ../hw_2/images/background.png; sourceTree = "<group>"; };
		A302C1BB1BCD1F86004344B5 /* banner.png */ = {isa = PBXFileReference; lastKnownFileType = image.png; name = banner.png; path = ../hw_2/images/banner.png; sourceTree = "<group>"; };
		A302C1BC1BCD1F86004344B5 /* bannerbackground.png */ = {isa = PBXFileReference; lastKnownFileType = image.png; name = bannerbackground.png; path = ../hw_2/images/bannerbackground.png; sourceTree = "<group>"; };
		A302C1BD1BCD1F86004344B5 /* critic.gif */ = {isa = PBXFileReference; lastKnownFileType = image.gif; name = critic.gif; path = ../hw_2/images/critic.gif; sourceTree = "<group>"; };
		A302C1BE1BCD1F86004344B5 /* fresh.gif */ = {isa = PBXFileReference; lastKnownFileType = image.gif; name = fresh.gif; path = ../hw_2/images/fresh.gif; sourceTree = "<group>"; };
		A302C1BF1BCD1F86004344B5 /* generaloverview.png */ = {isa = PBXFileReference; lastKnownFileType = image.png; name = generaloverview.png; path = ../hw_2/images/generaloverview.png; sourceTree = "<group>"; };
		A302C1C01BCD1F86004344B5 /* rotten.gif */ = {isa = PBXFileReference; lastKnownFileType = image.gif; name = rotten.gif; path = ../hw_2/images/rotten.gif; sourceTree = "<group>"; };
		A302C1C11BCD1F86004344B5 /* rottenbackground.png */ = {isa = PBXFileReference; lastKnownFileType = image.png; name = rottenbackground.png; path = ../hw_2/images/rottenbackground.png; sourceTree = "<group>"; };
		A302C1C21BCD1F86004344B5 /* rottenbig.png */ = {isa = PBXFileReference; lastKnownFileType = image.png; name = rottenbig.png; path = ../hw_2/images/rottenbig.png; sourceTree = "<group>"; };
		A302C1C31BCD2054004344B5 /* movie.css */ = {isa = PBXFileReference; lastKnownFileType = text.css; name = movie.css; path = ../hw_2/movie.css; sourceTree = "<group>"; };
		A378C31A1BF37EB400BE96EA /* mouse_maze.css */ = {isa = PBXFileReference; lastKnownFileType = text.css; path = mouse_maze.css; sourceTree = "<group>"; };
		A378C31B1BF37EB400BE96EA /* mouse_maze.html */ = {isa = PBXFileReference; lastKnownFileType = text.html; path = mouse_maze.html; sourceTree = "<group>"; };
		A378C31C1BF37EB400BE96EA /* mouse_maze.js */ = {isa = PBXFileReference; lastKnownFileType = sourcecode.javascript; path = mouse_maze.js; sourceTree = "<group>"; };
		A378C31D1BF37EB400BE96EA /* whac_a_mole.css */ = {isa = PBXFileReference; lastKnownFileType = text.css; path = whac_a_mole.css; sourceTree = "<group>"; };
		A378C31E1BF37EB400BE96EA /* whac_a_mole.html */ = {isa = PBXFileReference; lastKnownFileType = text.html; path = whac_a_mole.html; sourceTree = "<group>"; };
		A378C31F1BF37EB400BE96EA /* whac_a_mole.js */ = {isa = PBXFileReference; lastKnownFileType = sourcecode.javascript; path = whac_a_mole.js; sourceTree = "<group>"; };
		A3C9619C1BD65AC70099D17B /* atplus_green.png */ = {isa = PBXFileReference; lastKnownFileType = image.png; path = atplus_green.png; sourceTree = "<group>"; };
		A3C9619D1BD65AC70099D17B /* atplus_white.png */ = {isa = PBXFileReference; lastKnownFileType = image.png; path = atplus_white.png; sourceTree = "<group>"; };
		A3C9619E1BD65AC70099D17B /* comment.png */ = {isa = PBXFileReference; lastKnownFileType = image.png; path = comment.png; sourceTree = "<group>"; };
		A3C9619F1BD65AC70099D17B /* favicon.png */ = {isa = PBXFileReference; lastKnownFileType = image.png; path = favicon.png; sourceTree = "<group>"; };
		A3C961A01BD65AC70099D17B /* history.png */ = {isa = PBXFileReference; lastKnownFileType = image.png; path = history.png; sourceTree = "<group>"; };
		A3C961A11BD65AC70099D17B /* like-heart.png */ = {isa = PBXFileReference; lastKnownFileType = image.png; path = "like-heart.png"; sourceTree = "<group>"; };
		A3C961A21BD65AC70099D17B /* like.png */ = {isa = PBXFileReference; lastKnownFileType = image.png; path = like.png; sourceTree = "<group>"; };
		A3C961A31BD65AC70099D17B /* mask.png */ = {isa = PBXFileReference; lastKnownFileType = image.png; path = mask.png; sourceTree = "<group>"; };
		A3C961A41BD65AC70099D17B /* message.png */ = {isa = PBXFileReference; lastKnownFileType = image.png; path = message.png; sourceTree = "<group>"; };
		A3C961A51BD65AC70099D17B /* nomask.png */ = {isa = PBXFileReference; lastKnownFileType = image.png; path = nomask.png; sourceTree = "<group>"; };
		A3C961A61BD65AC70099D17B /* people.png */ = {isa = PBXFileReference; lastKnownFileType = image.png; path = people.png; sourceTree = "<group>"; };
		A3C961A71BD65AC70099D17B /* post.png */ = {isa = PBXFileReference; lastKnownFileType = image.png; path = post.png; sourceTree = "<group>"; };
		A3C961A81BD65AC70099D17B /* setting.png */ = {isa = PBXFileReference; lastKnownFileType = image.png; path = setting.png; sourceTree = "<group>"; };
		A3C961A91BD65AC70099D17B /* signin.png */ = {isa = PBXFileReference; lastKnownFileType = image.png; path = signin.png; sourceTree = "<group>"; };
		A3C961AA1BD65AC70099D17B /* signout.png */ = {isa = PBXFileReference; lastKnownFileType = image.png; path = signout.png; sourceTree = "<group>"; };
		A3C961AB1BD65AC70099D17B /* index.html */ = {isa = PBXFileReference; lastKnownFileType = text.html; name = index.html; path = ../hw_3/index.html; sourceTree = "<group>"; };
		A3C961AC1BD661470099D17B /* index.css */ = {isa = PBXFileReference; lastKnownFileType = text.css; name = index.css; path = ../hw_3/index.css; sourceTree = "<group>"; };
		A3E49E1F1BE8B93B008C8A5E /* calculator.css */ = {isa = PBXFileReference; lastKnownFileType = text.css; name = calculator.css; path = ../hw_5/calculator.css; sourceTree = "<group>"; };
		A3E49E201BE8B93B008C8A5E /* calculator.html */ = {isa = PBXFileReference; lastKnownFileType = text.html; name = calculator.html; path = ../hw_5/calculator.html; sourceTree = "<group>"; };
		A3E49E211BE8B93B008C8A5E /* calculator.js */ = {isa = PBXFileReference; lastKnownFileType = sourcecode.javascript; name = calculator.js; path = ../hw_5/calculator.js; sourceTree = "<group>"; };
/* End PBXFileReference section */

/* Begin PBXGroup section */
		A302C1A61BCD1C71004344B5 = {
			isa = PBXGroup;
			children = (
				A378C3191BF37EA300BE96EA /* web_hw6 */,
				A3E49E1E1BE8B91C008C8A5E /* web_hw5 */,
				A3C961991BD659F50099D17B /* web_hw3 */,
				A302C1AD1BCD1CD6004344B5 /* web_hw1 */,
				A302C1B01BCD1D02004344B5 /* web_hw2 */,
			);
			sourceTree = "<group>";
		};
		A302C1AD1BCD1CD6004344B5 /* web_hw1 */ = {
			isa = PBXGroup;
			children = (
				A302C1B11BCD1D15004344B5 /* grannys_pie_logo.png */,
				A302C1B21BCD1D15004344B5 /* index_background.png */,
				A302C1B31BCD1D15004344B5 /* index.css */,
				A302C1B41BCD1D15004344B5 /* index.html */,
				A302C1B51BCD1D15004344B5 /* pie.css */,
				A302C1B61BCD1D15004344B5 /* pie.html */,
			);
			name = web_hw1;
			sourceTree = "<group>";
		};
		A302C1B01BCD1D02004344B5 /* web_hw2 */ = {
			isa = PBXGroup;
			children = (
				A302C1B91BCD1F78004344B5 /* images */,
				A302C1B71BCD1DA5004344B5 /* tmnt.html */,
				A302C1C31BCD2054004344B5 /* movie.css */,
			);
			name = web_hw2;
			sourceTree = "<group>";
		};
		A302C1B91BCD1F78004344B5 /* images */ = {
			isa = PBXGroup;
			children = (
				A302C1BA1BCD1F86004344B5 /* background.png */,
				A302C1BB1BCD1F86004344B5 /* banner.png */,
				A302C1BC1BCD1F86004344B5 /* bannerbackground.png */,
				A302C1BD1BCD1F86004344B5 /* critic.gif */,
				A302C1BE1BCD1F86004344B5 /* fresh.gif */,
				A302C1BF1BCD1F86004344B5 /* generaloverview.png */,
				A302C1C01BCD1F86004344B5 /* rotten.gif */,
				A302C1C11BCD1F86004344B5 /* rottenbackground.png */,
				A302C1C21BCD1F86004344B5 /* rottenbig.png */,
			);
			name = images;
			sourceTree = "<group>";
		};
		A378C3191BF37EA300BE96EA /* web_hw6 */ = {
			isa = PBXGroup;
			children = (
				A378C31A1BF37EB400BE96EA /* mouse_maze.css */,
				A378C31B1BF37EB400BE96EA /* mouse_maze.html */,
				A378C31C1BF37EB400BE96EA /* mouse_maze.js */,
				A378C31D1BF37EB400BE96EA /* whac_a_mole.css */,
				A378C31E1BF37EB400BE96EA /* whac_a_mole.html */,
				A378C31F1BF37EB400BE96EA /* whac_a_mole.js */,
			);
			name = web_hw6;
			sourceTree = "<group>";
		};
		A3C961991BD659F50099D17B /* web_hw3 */ = {
			isa = PBXGroup;
			children = (
				A3C9619A1BD65AC70099D17B /* assets */,
				A3C961AB1BD65AC70099D17B /* index.html */,
				A3C961AC1BD661470099D17B /* index.css */,
			);
			name = web_hw3;
			sourceTree = "<group>";
		};
		A3C9619A1BD65AC70099D17B /* assets */ = {
			isa = PBXGroup;
			children = (
				A3C9619B1BD65AC70099D17B /* images */,
			);
			name = assets;
			path = ../hw_3/assets;
			sourceTree = "<group>";
		};
		A3C9619B1BD65AC70099D17B /* images */ = {
			isa = PBXGroup;
			children = (
				A3C9619C1BD65AC70099D17B /* atplus_green.png */,
				A3C9619D1BD65AC70099D17B /* atplus_white.png */,
				A3C9619E1BD65AC70099D17B /* comment.png */,
				A3C9619F1BD65AC70099D17B /* favicon.png */,
				A3C961A01BD65AC70099D17B /* history.png */,
				A3C961A11BD65AC70099D17B /* like-heart.png */,
				A3C961A21BD65AC70099D17B /* like.png */,
				A3C961A31BD65AC70099D17B /* mask.png */,
				A3C961A41BD65AC70099D17B /* message.png */,
				A3C961A51BD65AC70099D17B /* nomask.png */,
				A3C961A61BD65AC70099D17B /* people.png */,
				A3C961A71BD65AC70099D17B /* post.png */,
				A3C961A81BD65AC70099D17B /* setting.png */,
				A3C961A91BD65AC70099D17B /* signin.png */,
				A3C961AA1BD65AC70099D17B /* signout.png */,
			);
			path = images;
			sourceTree = "<group>";
		};
		A3E49E1E1BE8B91C008C8A5E /* web_hw5 */ = {
			isa = PBXGroup;
			children = (
				A3E49E1F1BE8B93B008C8A5E /* calculator.css */,
				A3E49E201BE8B93B008C8A5E /* calculator.html */,
				A3E49E211BE8B93B008C8A5E /* calculator.js */,
			);
			name = web_hw5;
			sourceTree = "<group>";
		};
/* End PBXGroup section */

/* Begin PBXProject section */
		A302C1A71BCD1C71004344B5 /* Project object */ = {
			isa = PBXProject;
			attributes = {
				LastUpgradeCheck = 0700;
			};
			buildConfigurationList = A302C1AA1BCD1C71004344B5 /* Build configuration list for PBXProject "web" */;
			compatibilityVersion = "Xcode 3.2";
			developmentRegion = English;
			hasScannedForEncodings = 0;
			knownRegions = (
				en,
			);
			mainGroup = A302C1A61BCD1C71004344B5;
			projectDirPath = "";
			projectRoot = "";
			targets = (
			);
		};
/* End PBXProject section */

/* Begin XCBuildConfiguration section */
		A302C1AB1BCD1C71004344B5 /* Debug */ = {
			isa = XCBuildConfiguration;
			buildSettings = {
			};
			name = Debug;
		};
		A302C1AC1BCD1C71004344B5 /* Release */ = {
			isa = XCBuildConfiguration;
			buildSettings = {
			};
			name = Release;
		};
/* End XCBuildConfiguration section */

/* Begin XCConfigurationList section */
		A302C1AA1BCD1C71004344B5 /* Build configuration list for PBXProject "web" */ = {
			isa = XCConfigurationList;
			buildConfigurations = (
				A302C1AB1BCD1C71004344B5 /* Debug */,
				A302C1AC1BCD1C71004344B5 /* Release */,
			);
			defaultConfigurationIsVisible = 0;
			defaultConfigurationName = Release;
		};
/* End XCConfigurationList section */
	};
	rootObject = A302C1A71BCD1C71004344B5 /* Project object */;
}
